
Microsoft Visual Studio Solution File, Format Version 11.00
# Visual Studio 2010
Project("{FAE04EC0-301F-11D3-BF4B-00C04F79EFBC}") = "Tris", "Assembly-CSharp.csproj", "{8C76EB33-CB64-66F4-6CF9-F7903F73FAEA}"
EndProject
Global
	GlobalSection(SolutionConfigurationPlatforms) = preSolution
		Debug|Any CPU = Debug|Any CPU
		Release|Any CPU = Release|Any CPU
	EndGlobalSection
	GlobalSection(ProjectConfigurationPlatforms) = postSolution
		{8C76EB33-CB64-66F4-6CF9-F7903F73FAEA}.Debug|Any CPU.ActiveCfg = Debug|Any CPU
		{8C76EB33-CB64-66F4-6CF9-F7903F73FAEA}.Debug|Any CPU.Build.0 = Debug|Any CPU
		{8C76EB33-CB64-66F4-6CF9-F7903F73FAEA}.Release|Any CPU.ActiveCfg = Release|Any CPU
		{8C76EB33-CB64-66F4-6CF9-F7903F73FAEA}.Release|Any CPU.Build.0 = Release|Any CPU
	EndGlobalSection
	GlobalSection(SolutionProperties) = preSolution
		HideSolutionNode = FALSE
	EndGlobalSection
	GlobalSection(MonoDevelopProperties) = preSolution
		StartupItem = Assembly-CSharp.csproj
	EndGlobalSection
EndGlobal
